
Microsoft Visual Studio Solution File, Format Version 12.00
# Visual Studio Version 17
VisualStudioVersion = 17.13.35806.99 d17.13
MinimumVisualStudioVersion = 10.0.40219.1
Project("{FAE04EC0-301F-11D3-BF4B-00C04F79EFBC}") = "GitClass2", "GitClass2\GitClass2.csproj", "{0A978BB3-6FEB-461C-9D8E-C09B2F3D283E}"
EndProject
Global
	GlobalSection(SolutionConfigurationPlatforms) = preSolution
		Debug|Any CPU = Debug|Any CPU
		Release|Any CPU = Release|Any CPU
	EndGlobalSection
	GlobalSection(ProjectConfigurationPlatforms) = postSolution
		{0A978BB3-6FEB-461C-9D8E-C09B2F3D283E}.Debug|Any CPU.ActiveCfg = Debug|Any CPU
		{0A978BB3-6FEB-461C-9D8E-C09B2F3D283E}.Debug|Any CPU.Build.0 = Debug|Any CPU
		{0A978BB3-6FEB-461C-9D8E-C09B2F3D283E}.Release|Any CPU.ActiveCfg = Release|Any CPU
		{0A978BB3-6FEB-461C-9D8E-C09B2F3D283E}.Release|Any CPU.Build.0 = Release|Any CPU
	EndGlobalSection
	GlobalSection(SolutionProperties) = preSolution
		HideSolutionNode = FALSE
	EndGlobalSection
	GlobalSection(ExtensibilityGlobals) = postSolution
		SolutionGuid = {95DDD017-4F19-4A1E-AFD2-11CCF7E85183}
	EndGlobalSection
EndGlobal
